
Microsoft Visual Studio Solution File, Format Version 12.00
# Visual Studio Version 17
VisualStudioVersion = 17.2.32526.322
MinimumVisualStudioVersion = 10.0.40219.1
Project("{FAE04EC0-301F-11D3-BF4B-00C04F79EFBC}") = "Level 24 Paper Rock Scissor", "Level 24 Paper Rock Scissor\Level 24 Paper Rock Scissor.csproj", "{89B5BD18-EE9C-4C7D-808E-9613FA59E3B9}"
EndProject
Global
	GlobalSection(SolutionConfigurationPlatforms) = preSolution
		Debug|Any CPU = Debug|Any CPU
		Release|Any CPU = Release|Any CPU
	EndGlobalSection
	GlobalSection(ProjectConfigurationPlatforms) = postSolution
		{89B5BD18-EE9C-4C7D-808E-9613FA59E3B9}.Debug|Any CPU.ActiveCfg = Debug|Any CPU
		{89B5BD18-EE9C-4C7D-808E-9613FA59E3B9}.Debug|Any CPU.Build.0 = Debug|Any CPU
		{89B5BD18-EE9C-4C7D-808E-9613FA59E3B9}.Release|Any CPU.ActiveCfg = Release|Any CPU
		{89B5BD18-EE9C-4C7D-808E-9613FA59E3B9}.Release|Any CPU.Build.0 = Release|Any CPU
	EndGlobalSection
	GlobalSection(SolutionProperties) = preSolution
		HideSolutionNode = FALSE
	EndGlobalSection
	GlobalSection(ExtensibilityGlobals) = postSolution
		SolutionGuid = {A74C670F-9B87-4DAC-8922-10305378C5D6}
	EndGlobalSection
EndGlobal
